
Microsoft Visual Studio Solution File, Format Version 12.00
# Visual Studio 14
VisualStudioVersion = 14.0.25420.1
MinimumVisualStudioVersion = 10.0.40219.1
Project("{FAE04EC0-301F-11D3-BF4B-00C04F79EFBC}") = "cis237inclass6", "cis237inclass6\cis237inclass6.csproj", "{97D09C9C-E2AC-4300-A88E-C06506814A58}"
EndProject
Project("{FAE04EC0-301F-11D3-BF4B-00C04F79EFBC}") = "cis237inclass6.Tests", "cis237inclass6.Tests\cis237inclass6.Tests.csproj", "{78F522DA-2BAB-4A80-A9FB-FCF261BFEE5C}"
EndProject
Global
	GlobalSection(SolutionConfigurationPlatforms) = preSolution
		Debug|Any CPU = Debug|Any CPU
		Release|Any CPU = Release|Any CPU
	EndGlobalSection
	GlobalSection(ProjectConfigurationPlatforms) = postSolution
		{97D09C9C-E2AC-4300-A88E-C06506814A58}.Debug|Any CPU.ActiveCfg = Debug|Any CPU
		{97D09C9C-E2AC-4300-A88E-C06506814A58}.Debug|Any CPU.Build.0 = Debug|Any CPU
		{97D09C9C-E2AC-4300-A88E-C06506814A58}.Release|Any CPU.ActiveCfg = Release|Any CPU
		{97D09C9C-E2AC-4300-A88E-C06506814A58}.Release|Any CPU.Build.0 = Release|Any CPU
		{78F522DA-2BAB-4A80-A9FB-FCF261BFEE5C}.Debug|Any CPU.ActiveCfg = Debug|Any CPU
		{78F522DA-2BAB-4A80-A9FB-FCF261BFEE5C}.Debug|Any CPU.Build.0 = Debug|Any CPU
		{78F522DA-2BAB-4A80-A9FB-FCF261BFEE5C}.Release|Any CPU.ActiveCfg = Release|Any CPU
		{78F522DA-2BAB-4A80-A9FB-FCF261BFEE5C}.Release|Any CPU.Build.0 = Release|Any CPU
	EndGlobalSection
	GlobalSection(SolutionProperties) = preSolution
		HideSolutionNode = FALSE
	EndGlobalSection
EndGlobal
